{
  "version": 1,
  "dependencies": {
    "net8.0": {
      "OPCFoundation.NetStandard.Opc.Ua.Core": {
        "type": "Direct",
        "requested": "[1.5.374.70, )",
        "resolved": "1.5.374.70",
        "contentHash": "zOrqHMkHm5Pf9oFbRgscr5smU0Jx54l3ARGJcBQugbb2r+O53PPR8C/y1a+8FtI4Lx/feDB2qgjwZ8xqzSfuXQ==",
        "dependencies": {
          "Microsoft.Extensions.Logging.Abstractions": "8.0.0",
          "Newtonsoft.Json": "13.0.3",
          "OPCFoundation.NetStandard.Opc.Ua.Security.Certificates": "1.5.374.70"
        }
      },
      "Microsoft.Extensions.DependencyInjection.Abstractions": {
        "type": "Transitive",
        "resolved": "8.0.0",
        "contentHash": "cjWrLkJXK0rs4zofsK4bSdg+jhDLTaxrkXu4gS6Y7MAlCvRyNNgwY/lJi5RDlQOnSZweHqoyvgvbdvQsRIW+hg=="
      },
      "Microsoft.Extensions.Logging.Abstractions": {
        "type": "Transitive",
        "resolved": "8.0.0",
        "contentHash": "arDBqTgFCyS0EvRV7O3MZturChstm50OJ0y9bDJvAcmEPJm0FFpFyjU/JLYyStNGGey081DvnQYlncNX5SJJGA==",
        "dependencies": {
          "Microsoft.Extensions.DependencyInjection.Abstractions": "8.0.0"
        }
      },
      "Newtonsoft.Json": {
        "type": "Transitive",
        "resolved": "13.0.3",
        "contentHash": "HrC5BXdl00IP9zeV+0Z848QWPAoCr9P3bDEZguI+gkLcBKAOxix/tLEAAHC+UvDNPv4a2d18lOReHMOagPa+zQ=="
      },
      "OPCFoundation.NetStandard.Opc.Ua.Security.Certificates": {
        "type": "Transitive",
        "resolved": "1.5.374.70",
        "contentHash": "hBCW2MAOX+BJmzVOekOCBLiSYNGz5hDJM/JEvGyaCqJ4dTv3D5/Fgi4y9NgquuY2pOd9bd9mOWjGgdW9ZQdJOg==",
        "dependencies": {
          "System.Formats.Asn1": "8.0.0",
          "System.Security.Cryptography.Cng": "5.0.0"
        }
      },
      "System.Formats.Asn1": {
        "type": "Transitive",
        "resolved": "8.0.0",
        "contentHash": "AJukBuLoe3QeAF+mfaRKQb2dgyrvt340iMBHYv+VdBzCUM06IxGlvl0o/uPOS7lHnXPN6u8fFRHSHudx5aTi8w=="
      },
      "System.Security.Cryptography.Cng": {
        "type": "Transitive",
        "resolved": "5.0.0",
        "contentHash": "jIMXsKn94T9JY7PvPq/tMfqa6GAaHpElRDpmG+SuL+D3+sTw2M8VhnibKnN8Tq+4JqbPJ/f+BwtLeDMEnzAvRg==",
        "dependencies": {
          "System.Formats.Asn1": "5.0.0"
        }
      }
    }
  }
}